// !$*UTF8*$!
{
	archiveVersion = 1;
	classes = {
	};
	objectVersion = 77;
	objects = {

/* Begin PBXBuildFile section */
		2717705CA94F9C092E6B3DE4 /* Pods_FlashChat_FlashChatUITests.framework in Frameworks */ = {isa = PBXBuildFile; fileRef = E85CF430CD1A66F095AB3314 /* Pods_FlashChat_FlashChatUITests.framework */; };
		37A51AF5954CBE89085D9C8F /* Pods_FlashChat.framework in Frameworks */ = {isa = PBXBuildFile; fileRef = 072A619F509F29786466D8B9 /* Pods_FlashChat.framework */; };
		3FD241432D0FB7BC00008948 /* IQKeyboardManagerSwift in Frameworks */ = {isa = PBXBuildFile; productRef = 3FD241422D0FB7BC00008948 /* IQKeyboardManagerSwift */; };
		62F9665317C4E192CFEB8840 /* Pods_FlashChatTests.framework in Frameworks */ = {isa = PBXBuildFile; fileRef = 0CF23990EBE950BB4D319E5A /* Pods_FlashChatTests.framework */; };
/* End PBXBuildFile section */

/* Begin PBXContainerItemProxy section */
		3F3058402D09074200A2AF24 /* PBXContainerItemProxy */ = {
			isa = PBXContainerItemProxy;
			containerPortal = 3F3058212D09074100A2AF24 /* Project object */;
			proxyType = 1;
			remoteGlobalIDString = 3F3058282D09074100A2AF24;
			remoteInfo = FlashChat;
		};
		3F30584A2D09074200A2AF24 /* PBXContainerItemProxy */ = {
			isa = PBXContainerItemProxy;
			containerPortal = 3F3058212D09074100A2AF24 /* Project object */;
			proxyType = 1;
			remoteGlobalIDString = 3F3058282D09074100A2AF24;
			remoteInfo = FlashChat;
		};
/* End PBXContainerItemProxy section */

/* Begin PBXFileReference section */
		072A619F509F29786466D8B9 /* Pods_FlashChat.framework */ = {isa = PBXFileReference; explicitFileType = wrapper.framework; includeInIndex = 0; path = Pods_FlashChat.framework; sourceTree = BUILT_PRODUCTS_DIR; };
		0CF23990EBE950BB4D319E5A /* Pods_FlashChatTests.framework */ = {isa = PBXFileReference; explicitFileType = wrapper.framework; includeInIndex = 0; path = Pods_FlashChatTests.framework; sourceTree = BUILT_PRODUCTS_DIR; };
		239302C39EEF7C137EDE68E0 /* Pods-FlashChat.debug.xcconfig */ = {isa = PBXFileReference; includeInIndex = 1; lastKnownFileType = text.xcconfig; name = "Pods-FlashChat.debug.xcconfig"; path = "Target Support Files/Pods-FlashChat/Pods-FlashChat.debug.xcconfig"; sourceTree = "<group>"; };
		3EC443E29F6290BDA79FA54D /* Pods-FlashChat-FlashChatUITests.debug.xcconfig */ = {isa = PBXFileReference; includeInIndex = 1; lastKnownFileType = text.xcconfig; name = "Pods-FlashChat-FlashChatUITests.debug.xcconfig"; path = "Target Support Files/Pods-FlashChat-FlashChatUITests/Pods-FlashChat-FlashChatUITests.debug.xcconfig"; sourceTree = "<group>"; };
		3F3058292D09074100A2AF24 /* FlashChat.app */ = {isa = PBXFileReference; explicitFileType = wrapper.application; includeInIndex = 0; path = FlashChat.app; sourceTree = BUILT_PRODUCTS_DIR; };
		3F30583F2D09074200A2AF24 /* FlashChatTests.xctest */ = {isa = PBXFileReference; explicitFileType = wrapper.cfbundle; includeInIndex = 0; path = FlashChatTests.xctest; sourceTree = BUILT_PRODUCTS_DIR; };
		3F3058492D09074200A2AF24 /* FlashChatUITests.xctest */ = {isa = PBXFileReference; explicitFileType = wrapper.cfbundle; includeInIndex = 0; path = FlashChatUITests.xctest; sourceTree = BUILT_PRODUCTS_DIR; };
		909A6AD311D76DF81BAC45A2 /* Pods-FlashChatTests.debug.xcconfig */ = {isa = PBXFileReference; includeInIndex = 1; lastKnownFileType = text.xcconfig; name = "Pods-FlashChatTests.debug.xcconfig"; path = "Target Support Files/Pods-FlashChatTests/Pods-FlashChatTests.debug.xcconfig"; sourceTree = "<group>"; };
		AF222D816F76AB390EEA727D /* Pods-FlashChat.release.xcconfig */ = {isa = PBXFileReference; includeInIndex = 1; lastKnownFileType = text.xcconfig; name = "Pods-FlashChat.release.xcconfig"; path = "Target Support Files/Pods-FlashChat/Pods-FlashChat.release.xcconfig"; sourceTree = "<group>"; };
		E85CF430CD1A66F095AB3314 /* Pods_FlashChat_FlashChatUITests.framework */ = {isa = PBXFileReference; explicitFileType = wrapper.framework; includeInIndex = 0; path = Pods_FlashChat_FlashChatUITests.framework; sourceTree = BUILT_PRODUCTS_DIR; };
		F65E6BFF6839ADA8E014FF14 /* Pods-FlashChat-FlashChatUITests.release.xcconfig */ = {isa = PBXFileReference; includeInIndex = 1; lastKnownFileType = text.xcconfig; name = "Pods-FlashChat-FlashChatUITests.release.xcconfig"; path = "Target Support Files/Pods-FlashChat-FlashChatUITests/Pods-FlashChat-FlashChatUITests.release.xcconfig"; sourceTree = "<group>"; };
		F73B61CF8D64193B07ADA11B /* Pods-FlashChatTests.release.xcconfig */ = {isa = PBXFileReference; includeInIndex = 1; lastKnownFileType = text.xcconfig; name = "Pods-FlashChatTests.release.xcconfig"; path = "Target Support Files/Pods-FlashChatTests/Pods-FlashChatTests.release.xcconfig"; sourceTree = "<group>"; };
/* End PBXFileReference section */

/* Begin PBXFileSystemSynchronizedBuildFileExceptionSet section */
		3F3058512D09074200A2AF24 /* Exceptions for "FlashChat" folder in "FlashChat" target */ = {
			isa = PBXFileSystemSynchronizedBuildFileExceptionSet;
			membershipExceptions = (
				Info.plist,
			);
			target = 3F3058282D09074100A2AF24 /* FlashChat */;
		};
/* End PBXFileSystemSynchronizedBuildFileExceptionSet section */

/* Begin PBXFileSystemSynchronizedRootGroup section */
		3F30582B2D09074100A2AF24 /* FlashChat */ = {
			isa = PBXFileSystemSynchronizedRootGroup;
			exceptions = (
				3F3058512D09074200A2AF24 /* Exceptions for "FlashChat" folder in "FlashChat" target */,
			);
			path = FlashChat;
			sourceTree = "<group>";
		};
		3F3058422D09074200A2AF24 /* FlashChatTests */ = {
			isa = PBXFileSystemSynchronizedRootGroup;
			path = FlashChatTests;
			sourceTree = "<group>";
		};
		3F30584C2D09074200A2AF24 /* FlashChatUITests */ = {
			isa = PBXFileSystemSynchronizedRootGroup;
			path = FlashChatUITests;
			sourceTree = "<group>";
		};
/* End PBXFileSystemSynchronizedRootGroup section */

/* Begin PBXFrameworksBuildPhase section */
		3F3058262D09074100A2AF24 /* Frameworks */ = {
			isa = PBXFrameworksBuildPhase;
			buildActionMask = 2147483647;
			files = (
				37A51AF5954CBE89085D9C8F /* Pods_FlashChat.framework in Frameworks */,
				3FD241432D0FB7BC00008948 /* IQKeyboardManagerSwift in Frameworks */,
			);
			runOnlyForDeploymentPostprocessing = 0;
		};
		3F30583C2D09074200A2AF24 /* Frameworks */ = {
			isa = PBXFrameworksBuildPhase;
			buildActionMask = 2147483647;
			files = (
				62F9665317C4E192CFEB8840 /* Pods_FlashChatTests.framework in Frameworks */,
			);
			runOnlyForDeploymentPostprocessing = 0;
		};
		3F3058462D09074200A2AF24 /* Frameworks */ = {
			isa = PBXFrameworksBuildPhase;
			buildActionMask = 2147483647;
			files = (
				2717705CA94F9C092E6B3DE4 /* Pods_FlashChat_FlashChatUITests.framework in Frameworks */,
			);
			runOnlyForDeploymentPostprocessing = 0;
		};
/* End PBXFrameworksBuildPhase section */

/* Begin PBXGroup section */
		3F3058202D09074100A2AF24 = {
			isa = PBXGroup;
			children = (
				3F30582B2D09074100A2AF24 /* FlashChat */,
				3F3058422D09074200A2AF24 /* FlashChatTests */,
				3F30584C2D09074200A2AF24 /* FlashChatUITests */,
				3F30582A2D09074100A2AF24 /* Products */,
				E9D909B622310E391E27BAF2 /* Pods */,
				D2D5B2026CFB989CED59815F /* Frameworks */,
			);
			sourceTree = "<group>";
		};
		3F30582A2D09074100A2AF24 /* Products */ = {
			isa = PBXGroup;
			children = (
				3F3058292D09074100A2AF24 /* FlashChat.app */,
				3F30583F2D09074200A2AF24 /* FlashChatTests.xctest */,
				3F3058492D09074200A2AF24 /* FlashChatUITests.xctest */,
			);
			name = Products;
			sourceTree = "<group>";
		};
		D2D5B2026CFB989CED59815F /* Frameworks */ = {
			isa = PBXGroup;
			children = (
				072A619F509F29786466D8B9 /* Pods_FlashChat.framework */,
				E85CF430CD1A66F095AB3314 /* Pods_FlashChat_FlashChatUITests.framework */,
				0CF23990EBE950BB4D319E5A /* Pods_FlashChatTests.framework */,
			);
			name = Frameworks;
			sourceTree = "<group>";
		};
		E9D909B622310E391E27BAF2 /* Pods */ = {
			isa = PBXGroup;
			children = (
				239302C39EEF7C137EDE68E0 /* Pods-FlashChat.debug.xcconfig */,
				AF222D816F76AB390EEA727D /* Pods-FlashChat.release.xcconfig */,
				3EC443E29F6290BDA79FA54D /* Pods-FlashChat-FlashChatUITests.debug.xcconfig */,
				F65E6BFF6839ADA8E014FF14 /* Pods-FlashChat-FlashChatUITests.release.xcconfig */,
				909A6AD311D76DF81BAC45A2 /* Pods-FlashChatTests.debug.xcconfig */,
				F73B61CF8D64193B07ADA11B /* Pods-FlashChatTests.release.xcconfig */,
			);
			path = Pods;
			sourceTree = "<group>";
		};
/* End PBXGroup section */

/* Begin PBXNativeTarget section */
		3F3058282D09074100A2AF24 /* FlashChat */ = {
			isa = PBXNativeTarget;
			buildConfigurationList = 3F3058522D09074200A2AF24 /* Build configuration list for PBXNativeTarget "FlashChat" */;
			buildPhases = (
				A8532DABF845233E03364563 /* [CP] Check Pods Manifest.lock */,
				3F3058252D09074100A2AF24 /* Sources */,
				3F3058262D09074100A2AF24 /* Frameworks */,
				3F3058272D09074100A2AF24 /* Resources */,
				CB4FD38BA39BAEA5DCD3DCCC /* [CP] Embed Pods Frameworks */,
				DA61F93F35665ABAE817E537 /* [CP] Copy Pods Resources */,
			);
			buildRules = (
			);
			dependencies = (
			);
			fileSystemSynchronizedGroups = (
				3F30582B2D09074100A2AF24 /* FlashChat */,
			);
			name = FlashChat;
			productName = FlashChat;
			productReference = 3F3058292D09074100A2AF24 /* FlashChat.app */;
			productType = "com.apple.product-type.application";
		};
		3F30583E2D09074200A2AF24 /* FlashChatTests */ = {
			isa = PBXNativeTarget;
			buildConfigurationList = 3F3058572D09074200A2AF24 /* Build configuration list for PBXNativeTarget "FlashChatTests" */;
			buildPhases = (
				776A8F5BCD79422E1103BB90 /* [CP] Check Pods Manifest.lock */,
				3F30583B2D09074200A2AF24 /* Sources */,
				3F30583C2D09074200A2AF24 /* Frameworks */,
				3F30583D2D09074200A2AF24 /* Resources */,
			);
			buildRules = (
			);
			dependencies = (
				3F3058412D09074200A2AF24 /* PBXTargetDependency */,
			);
			fileSystemSynchronizedGroups = (
				3F3058422D09074200A2AF24 /* FlashChatTests */,
			);
			name = FlashChatTests;
			productName = FlashChatTests;
			productReference = 3F30583F2D09074200A2AF24 /* FlashChatTests.xctest */;
			productType = "com.apple.product-type.bundle.unit-test";
		};
		3F3058482D09074200A2AF24 /* FlashChatUITests */ = {
			isa = PBXNativeTarget;
			buildConfigurationList = 3F30585A2D09074200A2AF24 /* Build configuration list for PBXNativeTarget "FlashChatUITests" */;
			buildPhases = (
				0141093E0D58BF01924DA3AF /* [CP] Check Pods Manifest.lock */,
				3F3058452D09074200A2AF24 /* Sources */,
				3F3058462D09074200A2AF24 /* Frameworks */,
				3F3058472D09074200A2AF24 /* Resources */,
				92F1E2DCE2BEA3C94FE60975 /* [CP] Embed Pods Frameworks */,
				08489217E28CC27AA9F5E72B /* [CP] Copy Pods Resources */,
			);
			buildRules = (
			);
			dependencies = (
				3F30584B2D09074200A2AF24 /* PBXTargetDependency */,
			);
			fileSystemSynchronizedGroups = (
				3F30584C2D09074200A2AF24 /* FlashChatUITests */,
			);
			name = FlashChatUITests;
			productName = FlashChatUITests;
			productReference = 3F3058492D09074200A2AF24 /* FlashChatUITests.xctest */;
			productType = "com.apple.product-type.bundle.ui-testing";
		};
/* End PBXNativeTarget section */

/* Begin PBXProject section */
		3F3058212D09074100A2AF24 /* Project object */ = {
			isa = PBXProject;
			attributes = {
				BuildIndependentTargetsInParallel = 1;
				LastSwiftUpdateCheck = 1610;
				LastUpgradeCheck = 1610;
				TargetAttributes = {
					3F3058282D09074100A2AF24 = {
						CreatedOnToolsVersion = 16.1;
					};
					3F30583E2D09074200A2AF24 = {
						CreatedOnToolsVersion = 16.1;
						TestTargetID = 3F3058282D09074100A2AF24;
					};
					3F3058482D09074200A2AF24 = {
						CreatedOnToolsVersion = 16.1;
						TestTargetID = 3F3058282D09074100A2AF24;
					};
				};
			};
			buildConfigurationList = 3F3058242D09074100A2AF24 /* Build configuration list for PBXProject "FlashChat" */;
			developmentRegion = en;
			hasScannedForEncodings = 0;
			knownRegions = (
				en,
				Base,
			);
			mainGroup = 3F3058202D09074100A2AF24;
			minimizedProjectReferenceProxies = 1;
			packageReferences = (
				3FD241412D0FB6B200008948 /* XCRemoteSwiftPackageReference "IQKeyboardManager" */,
			);
			preferredProjectObjectVersion = 77;
			productRefGroup = 3F30582A2D09074100A2AF24 /* Products */;
			projectDirPath = "";
			projectRoot = "";
			targets = (
				3F3058282D09074100A2AF24 /* FlashChat */,
				3F30583E2D09074200A2AF24 /* FlashChatTests */,
				3F3058482D09074200A2AF24 /* FlashChatUITests */,
			);
		};
/* End PBXProject section */

/* Begin PBXResourcesBuildPhase section */
		3F3058272D09074100A2AF24 /* Resources */ = {
			isa = PBXResourcesBuildPhase;
			buildActionMask = 2147483647;
			files = (
			);
			runOnlyForDeploymentPostprocessing = 0;
		};
		3F30583D2D09074200A2AF24 /* Resources */ = {
			isa = PBXResourcesBuildPhase;
			buildActionMask = 2147483647;
			files = (
			);
			runOnlyForDeploymentPostprocessing = 0;
		};
		3F3058472D09074200A2AF24 /* Resources */ = {
			isa = PBXResourcesBuildPhase;
			buildActionMask = 2147483647;
			files = (
			);
			runOnlyForDeploymentPostprocessing = 0;
		};
/* End PBXResourcesBuildPhase section */

/* Begin PBXShellScriptBuildPhase section */
		0141093E0D58BF01924DA3AF /* [CP] Check Pods Manifest.lock */ = {
			isa = PBXShellScriptBuildPhase;
			buildActionMask = 2147483647;
			files = (
			);
			inputFileListPaths = (
			);
			inputPaths = (
				"${PODS_PODFILE_DIR_PATH}/Podfile.lock",
				"${PODS_ROOT}/Manifest.lock",
			);
			name = "[CP] Check Pods Manifest.lock";
			outputFileListPaths = (
			);
			outputPaths = (
				"$(DERIVED_FILE_DIR)/Pods-FlashChat-FlashChatUITests-checkManifestLockResult.txt",
			);
			runOnlyForDeploymentPostprocessing = 0;
			shellPath = /bin/sh;
			shellScript = "diff \"${PODS_PODFILE_DIR_PATH}/Podfile.lock\" \"${PODS_ROOT}/Manifest.lock\" > /dev/null\nif [ $? != 0 ] ; then\n    # print error to STDERR\n    echo \"error: The sandbox is not in sync with the Podfile.lock. Run 'pod install' or update your CocoaPods installation.\" >&2\n    exit 1\nfi\n# This output is used by Xcode 'outputs' to avoid re-running this script phase.\necho \"SUCCESS\" > \"${SCRIPT_OUTPUT_FILE_0}\"\n";
			showEnvVarsInLog = 0;
		};
		08489217E28CC27AA9F5E72B /* [CP] Copy Pods Resources */ = {
			isa = PBXShellScriptBuildPhase;
			buildActionMask = 2147483647;
			files = (
			);
			inputFileListPaths = (
				"${PODS_ROOT}/Target Support Files/Pods-FlashChat-FlashChatUITests/Pods-FlashChat-FlashChatUITests-resources-${CONFIGURATION}-input-files.xcfilelist",
			);
			name = "[CP] Copy Pods Resources";
			outputFileListPaths = (
				"${PODS_ROOT}/Target Support Files/Pods-FlashChat-FlashChatUITests/Pods-FlashChat-FlashChatUITests-resources-${CONFIGURATION}-output-files.xcfilelist",
			);
			runOnlyForDeploymentPostprocessing = 0;
			shellPath = /bin/sh;
			shellScript = "\"${PODS_ROOT}/Target Support Files/Pods-FlashChat-FlashChatUITests/Pods-FlashChat-FlashChatUITests-resources.sh\"\n";
			showEnvVarsInLog = 0;
		};
		776A8F5BCD79422E1103BB90 /* [CP] Check Pods Manifest.lock */ = {
			isa = PBXShellScriptBuildPhase;
			buildActionMask = 2147483647;
			files = (
			);
			inputFileListPaths = (
			);
			inputPaths = (
				"${PODS_PODFILE_DIR_PATH}/Podfile.lock",
				"${PODS_ROOT}/Manifest.lock",
			);
			name = "[CP] Check Pods Manifest.lock";
			outputFileListPaths = (
			);
			outputPaths = (
				"$(DERIVED_FILE_DIR)/Pods-FlashChatTests-checkManifestLockResult.txt",
			);
			runOnlyForDeploymentPostprocessing = 0;
			shellPath = /bin/sh;
			shellScript = "diff \"${PODS_PODFILE_DIR_PATH}/Podfile.lock\" \"${PODS_ROOT}/Manifest.lock\" > /dev/null\nif [ $? != 0 ] ; then\n    # print error to STDERR\n    echo \"error: The sandbox is not in sync with the Podfile.lock. Run 'pod install' or update your CocoaPods installation.\" >&2\n    exit 1\nfi\n# This output is used by Xcode 'outputs' to avoid re-running this script phase.\necho \"SUCCESS\" > \"${SCRIPT_OUTPUT_FILE_0}\"\n";
			showEnvVarsInLog = 0;
		};
		92F1E2DCE2BEA3C94FE60975 /* [CP] Embed Pods Frameworks */ = {
			isa = PBXShellScriptBuildPhase;
			buildActionMask = 2147483647;
			files = (
			);
			inputFileListPaths = (
				"${PODS_ROOT}/Target Support Files/Pods-FlashChat-FlashChatUITests/Pods-FlashChat-FlashChatUITests-frameworks-${CONFIGURATION}-input-files.xcfilelist",
			);
			name = "[CP] Embed Pods Frameworks";
			outputFileListPaths = (
				"${PODS_ROOT}/Target Support Files/Pods-FlashChat-FlashChatUITests/Pods-FlashChat-FlashChatUITests-frameworks-${CONFIGURATION}-output-files.xcfilelist",
			);
			runOnlyForDeploymentPostprocessing = 0;
			shellPath = /bin/sh;
			shellScript = "\"${PODS_ROOT}/Target Support Files/Pods-FlashChat-FlashChatUITests/Pods-FlashChat-FlashChatUITests-frameworks.sh\"\n";
			showEnvVarsInLog = 0;
		};
		A8532DABF845233E03364563 /* [CP] Check Pods Manifest.lock */ = {
			isa = PBXShellScriptBuildPhase;
			buildActionMask = 2147483647;
			files = (
			);
			inputFileListPaths = (
			);
			inputPaths = (
				"${PODS_PODFILE_DIR_PATH}/Podfile.lock",
				"${PODS_ROOT}/Manifest.lock",
			);
			name = "[CP] Check Pods Manifest.lock";
			outputFileListPaths = (
			);
			outputPaths = (
				"$(DERIVED_FILE_DIR)/Pods-FlashChat-checkManifestLockResult.txt",
			);
			runOnlyForDeploymentPostprocessing = 0;
			shellPath = /bin/sh;
			shellScript = "diff \"${PODS_PODFILE_DIR_PATH}/Podfile.lock\" \"${PODS_ROOT}/Manifest.lock\" > /dev/null\nif [ $? != 0 ] ; then\n    # print error to STDERR\n    echo \"error: The sandbox is not in sync with the Podfile.lock. Run 'pod install' or update your CocoaPods installation.\" >&2\n    exit 1\nfi\n# This output is used by Xcode 'outputs' to avoid re-running this script phase.\necho \"SUCCESS\" > \"${SCRIPT_OUTPUT_FILE_0}\"\n";
			showEnvVarsInLog = 0;
		};
		CB4FD38BA39BAEA5DCD3DCCC /* [CP] Embed Pods Frameworks */ = {
			isa = PBXShellScriptBuildPhase;
			buildActionMask = 2147483647;
			files = (
			);
			inputFileListPaths = (
				"${PODS_ROOT}/Target Support Files/Pods-FlashChat/Pods-FlashChat-frameworks-${CONFIGURATION}-input-files.xcfilelist",
			);
			name = "[CP] Embed Pods Frameworks";
			outputFileListPaths = (
				"${PODS_ROOT}/Target Support Files/Pods-FlashChat/Pods-FlashChat-frameworks-${CONFIGURATION}-output-files.xcfilelist",
			);
			runOnlyForDeploymentPostprocessing = 0;
			shellPath = /bin/sh;
			shellScript = "\"${PODS_ROOT}/Target Support Files/Pods-FlashChat/Pods-FlashChat-frameworks.sh\"\n";
			showEnvVarsInLog = 0;
		};
		DA61F93F35665ABAE817E537 /* [CP] Copy Pods Resources */ = {
			isa = PBXShellScriptBuildPhase;
			buildActionMask = 2147483647;
			files = (
			);
			inputFileListPaths = (
				"${PODS_ROOT}/Target Support Files/Pods-FlashChat/Pods-FlashChat-resources-${CONFIGURATION}-input-files.xcfilelist",
			);
			name = "[CP] Copy Pods Resources";
			outputFileListPaths = (
				"${PODS_ROOT}/Target Support Files/Pods-FlashChat/Pods-FlashChat-resources-${CONFIGURATION}-output-files.xcfilelist",
			);
			runOnlyForDeploymentPostprocessing = 0;
			shellPath = /bin/sh;
			shellScript = "\"${PODS_ROOT}/Target Support Files/Pods-FlashChat/Pods-FlashChat-resources.sh\"\n";
			showEnvVarsInLog = 0;
		};
/* End PBXShellScriptBuildPhase section */

/* Begin PBXSourcesBuildPhase section */
		3F3058252D09074100A2AF24 /* Sources */ = {
			isa = PBXSourcesBuildPhase;
			buildActionMask = 2147483647;
			files = (
			);
			runOnlyForDeploymentPostprocessing = 0;
		};
		3F30583B2D09074200A2AF24 /* Sources */ = {
			isa = PBXSourcesBuildPhase;
			buildActionMask = 2147483647;
			files = (
			);
			runOnlyForDeploymentPostprocessing = 0;
		};
		3F3058452D09074200A2AF24 /* Sources */ = {
			isa = PBXSourcesBuildPhase;
			buildActionMask = 2147483647;
			files = (
			);
			runOnlyForDeploymentPostprocessing = 0;
		};
/* End PBXSourcesBuildPhase section */

/* Begin PBXTargetDependency section */
		3F3058412D09074200A2AF24 /* PBXTargetDependency */ = {
			isa = PBXTargetDependency;
			target = 3F3058282D09074100A2AF24 /* FlashChat */;
			targetProxy = 3F3058402D09074200A2AF24 /* PBXContainerItemProxy */;
		};
		3F30584B2D09074200A2AF24 /* PBXTargetDependency */ = {
			isa = PBXTargetDependency;
			target = 3F3058282D09074100A2AF24 /* FlashChat */;
			targetProxy = 3F30584A2D09074200A2AF24 /* PBXContainerItemProxy */;
		};
/* End PBXTargetDependency section */

/* Begin XCBuildConfiguration section */
		3F3058532D09074200A2AF24 /* Debug */ = {
			isa = XCBuildConfiguration;
			baseConfigurationReference = 239302C39EEF7C137EDE68E0 /* Pods-FlashChat.debug.xcconfig */;
			buildSettings = {
				ASSETCATALOG_COMPILER_APPICON_NAME = AppIcon;
				ASSETCATALOG_COMPILER_GLOBAL_ACCENT_COLOR_NAME = AccentColor;
				CODE_SIGN_STYLE = Automatic;
				CURRENT_PROJECT_VERSION = 1;
				DEVELOPMENT_TEAM = 6W8B6G9KYD;
				ENABLE_USER_SCRIPT_SANDBOXING = NO;
				GENERATE_INFOPLIST_FILE = YES;
				INFOPLIST_FILE = FlashChat/Info.plist;
				INFOPLIST_KEY_UIApplicationSupportsIndirectInputEvents = YES;
				INFOPLIST_KEY_UILaunchStoryboardName = LaunchScreen;
				INFOPLIST_KEY_UIMainStoryboardFile = Main;
				INFOPLIST_KEY_UISupportedInterfaceOrientations = UIInterfaceOrientationPortrait;
				INFOPLIST_KEY_UISupportedInterfaceOrientations_iPad = "UIInterfaceOrientationLandscapeLeft UIInterfaceOrientationLandscapeRight UIInterfaceOrientationPortrait UIInterfaceOrientationPortraitUpsideDown";
				LD_RUNPATH_SEARCH_PATHS = (
					"$(inherited)",
					"@executable_path/Frameworks",
				);
				MARKETING_VERSION = 1.0;
				PRODUCT_BUNDLE_IDENTIFIER = com.kinn.FlashChat;
				PRODUCT_NAME = "$(TARGET_NAME)";
				SWIFT_EMIT_LOC_STRINGS = YES;
				SWIFT_VERSION = 5.0;
				TARGETED_DEVICE_FAMILY = "1,2";
			};
			name = Debug;
		};
		3F3058542D09074200A2AF24 /* Release */ = {
			isa = XCBuildConfiguration;
			baseConfigurationReference = AF222D816F76AB390EEA727D /* Pods-FlashChat.release.xcconfig */;
			buildSettings = {
				ASSETCATALOG_COMPILER_APPICON_NAME = AppIcon;
				ASSETCATALOG_COMPILER_GLOBAL_ACCENT_COLOR_NAME = AccentColor;
				CODE_SIGN_STYLE = Automatic;
				CURRENT_PROJECT_VERSION = 1;
				DEVELOPMENT_TEAM = 6W8B6G9KYD;
				ENABLE_USER_SCRIPT_SANDBOXING = NO;
				GENERATE_INFOPLIST_FILE = YES;
				INFOPLIST_FILE = FlashChat/Info.plist;
				INFOPLIST_KEY_UIApplicationSupportsIndirectInputEvents = YES;
				INFOPLIST_KEY_UILaunchStoryboardName = LaunchScreen;
				INFOPLIST_KEY_UIMainStoryboardFile = Main;
				INFOPLIST_KEY_UISupportedInterfaceOrientations = UIInterfaceOrientationPortrait;
				INFOPLIST_KEY_UISupportedInterfaceOrientations_iPad = "UIInterfaceOrientationLandscapeLeft UIInterfaceOrientationLandscapeRight UIInterfaceOrientationPortrait UIInterfaceOrientationPortraitUpsideDown";
				LD_RUNPATH_SEARCH_PATHS = (
					"$(inherited)",
					"@executable_path/Frameworks",
				);
				MARKETING_VERSION = 1.0;
				PRODUCT_BUNDLE_IDENTIFIER = com.kinn.FlashChat;
				PRODUCT_NAME = "$(TARGET_NAME)";
				SWIFT_EMIT_LOC_STRINGS = YES;
				SWIFT_VERSION = 5.0;
				TARGETED_DEVICE_FAMILY = "1,2";
			};
			name = Release;
		};
		3F3058552D09074200A2AF24 /* Debug */ = {
			isa = XCBuildConfiguration;
			buildSettings = {
				ALWAYS_SEARCH_USER_PATHS = NO;
				ASSETCATALOG_COMPILER_GENERATE_SWIFT_ASSET_SYMBOL_EXTENSIONS = YES;
				CLANG_ANALYZER_NONNULL = YES;
				CLANG_ANALYZER_NUMBER_OBJECT_CONVERSION = YES_AGGRESSIVE;
				CLANG_CXX_LANGUAGE_STANDARD = "gnu++20";
				CLANG_ENABLE_MODULES = YES;
				CLANG_ENABLE_OBJC_ARC = YES;
				CLANG_ENABLE_OBJC_WEAK = YES;
				CLANG_WARN_BLOCK_CAPTURE_AUTORELEASING = YES;
				CLANG_WARN_BOOL_CONVERSION = YES;
				CLANG_WARN_COMMA = YES;
				CLANG_WARN_CONSTANT_CONVERSION = YES;
				CLANG_WARN_DEPRECATED_OBJC_IMPLEMENTATIONS = YES;
				CLANG_WARN_DIRECT_OBJC_ISA_USAGE = YES_ERROR;
				CLANG_WARN_DOCUMENTATION_COMMENTS = YES;
				CLANG_WARN_EMPTY_BODY = YES;
				CLANG_WARN_ENUM_CONVERSION = YES;
				CLANG_WARN_INFINITE_RECURSION = YES;
				CLANG_WARN_INT_CONVERSION = YES;
				CLANG_WARN_NON_LITERAL_NULL_CONVERSION = YES;
				CLANG_WARN_OBJC_IMPLICIT_RETAIN_SELF = YES;
				CLANG_WARN_OBJC_LITERAL_CONVERSION = YES;
				CLANG_WARN_OBJC_ROOT_CLASS = YES_ERROR;
				CLANG_WARN_QUOTED_INCLUDE_IN_FRAMEWORK_HEADER = YES;
				CLANG_WARN_RANGE_LOOP_ANALYSIS = YES;
				CLANG_WARN_STRICT_PROTOTYPES = YES;
				CLANG_WARN_SUSPICIOUS_MOVE = YES;
				CLANG_WARN_UNGUARDED_AVAILABILITY = YES_AGGRESSIVE;
				CLANG_WARN_UNREACHABLE_CODE = YES;
				CLANG_WARN__DUPLICATE_METHOD_MATCH = YES;
				COPY_PHASE_STRIP = NO;
				DEBUG_INFORMATION_FORMAT = dwarf;
				ENABLE_STRICT_OBJC_MSGSEND = YES;
				ENABLE_TESTABILITY = YES;
				ENABLE_USER_SCRIPT_SANDBOXING = YES;
				GCC_C_LANGUAGE_STANDARD = gnu17;
				GCC_DYNAMIC_NO_PIC = NO;
				GCC_NO_COMMON_BLOCKS = YES;
				GCC_OPTIMIZATION_LEVEL = 0;
				GCC_PREPROCESSOR_DEFINITIONS = (
					"DEBUG=1",
					"$(inherited)",
				);
				GCC_WARN_64_TO_32_BIT_CONVERSION = YES;
				GCC_WARN_ABOUT_RETURN_TYPE = YES_ERROR;
				GCC_WARN_UNDECLARED_SELECTOR = YES;
				GCC_WARN_UNINITIALIZED_AUTOS = YES_AGGRESSIVE;
				GCC_WARN_UNUSED_FUNCTION = YES;
				GCC_WARN_UNUSED_VARIABLE = YES;
				IPHONEOS_DEPLOYMENT_TARGET = 18.1;
				LOCALIZATION_PREFERS_STRING_CATALOGS = YES;
				MTL_ENABLE_DEBUG_INFO = INCLUDE_SOURCE;
				MTL_FAST_MATH = YES;
				ONLY_ACTIVE_ARCH = YES;
				SDKROOT = iphoneos;
				SWIFT_ACTIVE_COMPILATION_CONDITIONS = "DEBUG $(inherited)";
				SWIFT_OPTIMIZATION_LEVEL = "-Onone";
			};
			name = Debug;
		};
		3F3058562D09074200A2AF24 /* Release */ = {
			isa = XCBuildConfiguration;
			buildSettings = {
				ALWAYS_SEARCH_USER_PATHS = NO;
				ASSETCATALOG_COMPILER_GENERATE_SWIFT_ASSET_SYMBOL_EXTENSIONS = YES;
				CLANG_ANALYZER_NONNULL = YES;
				CLANG_ANALYZER_NUMBER_OBJECT_CONVERSION = YES_AGGRESSIVE;
				CLANG_CXX_LANGUAGE_STANDARD = "gnu++20";
				CLANG_ENABLE_MODULES = YES;
				CLANG_ENABLE_OBJC_ARC = YES;
				CLANG_ENABLE_OBJC_WEAK = YES;
				CLANG_WARN_BLOCK_CAPTURE_AUTORELEASING = YES;
				CLANG_WARN_BOOL_CONVERSION = YES;
				CLANG_WARN_COMMA = YES;
				CLANG_WARN_CONSTANT_CONVERSION = YES;
				CLANG_WARN_DEPRECATED_OBJC_IMPLEMENTATIONS = YES;
				CLANG_WARN_DIRECT_OBJC_ISA_USAGE = YES_ERROR;
				CLANG_WARN_DOCUMENTATION_COMMENTS = YES;
				CLANG_WARN_EMPTY_BODY = YES;
				CLANG_WARN_ENUM_CONVERSION = YES;
				CLANG_WARN_INFINITE_RECURSION = YES;
				CLANG_WARN_INT_CONVERSION = YES;
				CLANG_WARN_NON_LITERAL_NULL_CONVERSION = YES;
				CLANG_WARN_OBJC_IMPLICIT_RETAIN_SELF = YES;
				CLANG_WARN_OBJC_LITERAL_CONVERSION = YES;
				CLANG_WARN_OBJC_ROOT_CLASS = YES_ERROR;
				CLANG_WARN_QUOTED_INCLUDE_IN_FRAMEWORK_HEADER = YES;
				CLANG_WARN_RANGE_LOOP_ANALYSIS = YES;
				CLANG_WARN_STRICT_PROTOTYPES = YES;
				CLANG_WARN_SUSPICIOUS_MOVE = YES;
				CLANG_WARN_UNGUARDED_AVAILABILITY = YES_AGGRESSIVE;
				CLANG_WARN_UNREACHABLE_CODE = YES;
				CLANG_WARN__DUPLICATE_METHOD_MATCH = YES;
				COPY_PHASE_STRIP = NO;
				DEBUG_INFORMATION_FORMAT = "dwarf-with-dsym";
				ENABLE_NS_ASSERTIONS = NO;
				ENABLE_STRICT_OBJC_MSGSEND = YES;
				ENABLE_USER_SCRIPT_SANDBOXING = YES;
				GCC_C_LANGUAGE_STANDARD = gnu17;
				GCC_NO_COMMON_BLOCKS = YES;
				GCC_WARN_64_TO_32_BIT_CONVERSION = YES;
				GCC_WARN_ABOUT_RETURN_TYPE = YES_ERROR;
				GCC_WARN_UNDECLARED_SELECTOR = YES;
				GCC_WARN_UNINITIALIZED_AUTOS = YES_AGGRESSIVE;
				GCC_WARN_UNUSED_FUNCTION = YES;
				GCC_WARN_UNUSED_VARIABLE = YES;
				IPHONEOS_DEPLOYMENT_TARGET = 18.1;
				LOCALIZATION_PREFERS_STRING_CATALOGS = YES;
				MTL_ENABLE_DEBUG_INFO = NO;
				MTL_FAST_MATH = YES;
				SDKROOT = iphoneos;
				SWIFT_COMPILATION_MODE = wholemodule;
				VALIDATE_PRODUCT = YES;
			};
			name = Release;
		};
		3F3058582D09074200A2AF24 /* Debug */ = {
			isa = XCBuildConfiguration;
			baseConfigurationReference = 909A6AD311D76DF81BAC45A2 /* Pods-FlashChatTests.debug.xcconfig */;
			buildSettings = {
				BUNDLE_LOADER = "$(TEST_HOST)";
				CODE_SIGN_STYLE = Automatic;
				CURRENT_PROJECT_VERSION = 1;
				DEVELOPMENT_TEAM = 6W8B6G9KYD;
				GENERATE_INFOPLIST_FILE = YES;
				IPHONEOS_DEPLOYMENT_TARGET = 18.1;
				MARKETING_VERSION = 1.0;
				PRODUCT_BUNDLE_IDENTIFIER = com.kinn.FlashChatTests;
				PRODUCT_NAME = "$(TARGET_NAME)";
				SWIFT_EMIT_LOC_STRINGS = NO;
				SWIFT_VERSION = 5.0;
				TARGETED_DEVICE_FAMILY = "1,2";
				TEST_HOST = "$(BUILT_PRODUCTS_DIR)/FlashChat.app/$(BUNDLE_EXECUTABLE_FOLDER_PATH)/FlashChat";
			};
			name = Debug;
		};
		3F3058592D09074200A2AF24 /* Release */ = {
			isa = XCBuildConfiguration;
			baseConfigurationReference = F73B61CF8D64193B07ADA11B /* Pods-FlashChatTests.release.xcconfig */;
			buildSettings = {
				BUNDLE_LOADER = "$(TEST_HOST)";
				CODE_SIGN_STYLE = Automatic;
				CURRENT_PROJECT_VERSION = 1;
				DEVELOPMENT_TEAM = 6W8B6G9KYD;
				GENERATE_INFOPLIST_FILE = YES;
				IPHONEOS_DEPLOYMENT_TARGET = 18.1;
				MARKETING_VERSION = 1.0;
				PRODUCT_BUNDLE_IDENTIFIER = com.kinn.FlashChatTests;
				PRODUCT_NAME = "$(TARGET_NAME)";
				SWIFT_EMIT_LOC_STRINGS = NO;
				SWIFT_VERSION = 5.0;
				TARGETED_DEVICE_FAMILY = "1,2";
				TEST_HOST = "$(BUILT_PRODUCTS_DIR)/FlashChat.app/$(BUNDLE_EXECUTABLE_FOLDER_PATH)/FlashChat";
			};
			name = Release;
		};
		3F30585B2D09074200A2AF24 /* Debug */ = {
			isa = XCBuildConfiguration;
			baseConfigurationReference = 3EC443E29F6290BDA79FA54D /* Pods-FlashChat-FlashChatUITests.debug.xcconfig */;
			buildSettings = {
				CODE_SIGN_STYLE = Automatic;
				CURRENT_PROJECT_VERSION = 1;
				DEVELOPMENT_TEAM = 6W8B6G9KYD;
				GENERATE_INFOPLIST_FILE = YES;
				MARKETING_VERSION = 1.0;
				PRODUCT_BUNDLE_IDENTIFIER = com.kinn.FlashChatUITests;
				PRODUCT_NAME = "$(TARGET_NAME)";
				SWIFT_EMIT_LOC_STRINGS = NO;
				SWIFT_VERSION = 5.0;
				TARGETED_DEVICE_FAMILY = "1,2";
				TEST_TARGET_NAME = FlashChat;
			};
			name = Debug;
		};
		3F30585C2D09074200A2AF24 /* Release */ = {
			isa = XCBuildConfiguration;
			baseConfigurationReference = F65E6BFF6839ADA8E014FF14 /* Pods-FlashChat-FlashChatUITests.release.xcconfig */;
			buildSettings = {
				CODE_SIGN_STYLE = Automatic;
				CURRENT_PROJECT_VERSION = 1;
				DEVELOPMENT_TEAM = 6W8B6G9KYD;
				GENERATE_INFOPLIST_FILE = YES;
				MARKETING_VERSION = 1.0;
				PRODUCT_BUNDLE_IDENTIFIER = com.kinn.FlashChatUITests;
				PRODUCT_NAME = "$(TARGET_NAME)";
				SWIFT_EMIT_LOC_STRINGS = NO;
				SWIFT_VERSION = 5.0;
				TARGETED_DEVICE_FAMILY = "1,2";
				TEST_TARGET_NAME = FlashChat;
			};
			name = Release;
		};
/* End XCBuildConfiguration section */

/* Begin XCConfigurationList section */
		3F3058242D09074100A2AF24 /* Build configuration list for PBXProject "FlashChat" */ = {
			isa = XCConfigurationList;
			buildConfigurations = (
				3F3058552D09074200A2AF24 /* Debug */,
				3F3058562D09074200A2AF24 /* Release */,
			);
			defaultConfigurationIsVisible = 0;
			defaultConfigurationName = Release;
		};
		3F3058522D09074200A2AF24 /* Build configuration list for PBXNativeTarget "FlashChat" */ = {
			isa = XCConfigurationList;
			buildConfigurations = (
				3F3058532D09074200A2AF24 /* Debug */,
				3F3058542D09074200A2AF24 /* Release */,
			);
			defaultConfigurationIsVisible = 0;
			defaultConfigurationName = Release;
		};
		3F3058572D09074200A2AF24 /* Build configuration list for PBXNativeTarget "FlashChatTests" */ = {
			isa = XCConfigurationList;
			buildConfigurations = (
				3F3058582D09074200A2AF24 /* Debug */,
				3F3058592D09074200A2AF24 /* Release */,
			);
			defaultConfigurationIsVisible = 0;
			defaultConfigurationName = Release;
		};
		3F30585A2D09074200A2AF24 /* Build configuration list for PBXNativeTarget "FlashChatUITests" */ = {
			isa = XCConfigurationList;
			buildConfigurations = (
				3F30585B2D09074200A2AF24 /* Debug */,
				3F30585C2D09074200A2AF24 /* Release */,
			);
			defaultConfigurationIsVisible = 0;
			defaultConfigurationName = Release;
		};
/* End XCConfigurationList section */

/* Begin XCRemoteSwiftPackageReference section */
		3FD241412D0FB6B200008948 /* XCRemoteSwiftPackageReference "IQKeyboardManager" */ = {
			isa = XCRemoteSwiftPackageReference;
			repositoryURL = "https://github.com/hackiftekhar/IQKeyboardManager.git";
			requirement = {
				kind = upToNextMajorVersion;
				minimumVersion = 8.0.0;
			};
		};
/* End XCRemoteSwiftPackageReference section */

/* Begin XCSwiftPackageProductDependency section */
		3FD241422D0FB7BC00008948 /* IQKeyboardManagerSwift */ = {
			isa = XCSwiftPackageProductDependency;
			package = 3FD241412D0FB6B200008948 /* XCRemoteSwiftPackageReference "IQKeyboardManager" */;
			productName = IQKeyboardManagerSwift;
		};
/* End XCSwiftPackageProductDependency section */
	};
	rootObject = 3F3058212D09074100A2AF24 /* Project object */;
}
